
Microsoft Visual Studio Solution File, Format Version 12.00
# Visual Studio Version 17
VisualStudioVersion = 17.14.36310.24 d17.14
MinimumVisualStudioVersion = 10.0.40219.1
Project("{FAE04EC0-301F-11D3-BF4B-00C04F79EFBC}") = "EmployeeAPI", "EmployeeAPI\EmployeeAPI.csproj", "{D3481AA2-4611-4E19-B5F2-B7B60EF3A54E}"
EndProject
Global
	GlobalSection(SolutionConfigurationPlatforms) = preSolution
		Debug|Any CPU = Debug|Any CPU
		Release|Any CPU = Release|Any CPU
	EndGlobalSection
	GlobalSection(ProjectConfigurationPlatforms) = postSolution
		{D3481AA2-4611-4E19-B5F2-B7B60EF3A54E}.Debug|Any CPU.ActiveCfg = Debug|Any CPU
		{D3481AA2-4611-4E19-B5F2-B7B60EF3A54E}.Debug|Any CPU.Build.0 = Debug|Any CPU
		{D3481AA2-4611-4E19-B5F2-B7B60EF3A54E}.Release|Any CPU.ActiveCfg = Release|Any CPU
		{D3481AA2-4611-4E19-B5F2-B7B60EF3A54E}.Release|Any CPU.Build.0 = Release|Any CPU
	EndGlobalSection
	GlobalSection(SolutionProperties) = preSolution
		HideSolutionNode = FALSE
	EndGlobalSection
	GlobalSection(ExtensibilityGlobals) = postSolution
		SolutionGuid = {18534BBF-D08C-42F1-BA9E-DCE9CA1C8C97}
	EndGlobalSection
EndGlobal
